// !$*UTF8*$!
{
	archiveVersion = 1;
	classes = {
	};
	objectVersion = 46;
	objects = {

/* Begin PBXBuildFile section */
		120B3ECB1AD14AF800FE44CB /* AppDelegate.m in Sources */ = {isa = PBXBuildFile; fileRef = 120B3ECA1AD14AF800FE44CB /* AppDelegate.m */; };
		120B3ECD1AD14AF800FE44CB /* main.m in Sources */ = {isa = PBXBuildFile; fileRef = 120B3ECC1AD14AF800FE44CB /* main.m */; };
		120B3ED01AD14AF800FE44CB /* ViewController.m in Sources */ = {isa = PBXBuildFile; fileRef = 120B3ECF1AD14AF800FE44CB /* ViewController.m */; };
		120B3ED21AD14AF800FE44CB /* Images.xcassets in Resources */ = {isa = PBXBuildFile; fileRef = 120B3ED11AD14AF800FE44CB /* Images.xcassets */; };
		120B3ED51AD14AF800FE44CB /* Main.storyboard in Resources */ = {isa = PBXBuildFile; fileRef = 120B3ED31AD14AF800FE44CB /* Main.storyboard */; };
		120B3EE11AD14AF800FE44CB /* ToxTests.m in Sources */ = {isa = PBXBuildFile; fileRef = 120B3EE01AD14AF800FE44CB /* ToxTests.m */; };
		12E737951AD179C500BA9E75 /* MainSplitViewController.m in Sources */ = {isa = PBXBuildFile; fileRef = 12E737941AD179C500BA9E75 /* MainSplitViewController.m */; };
/* End PBXBuildFile section */

/* Begin PBXContainerItemProxy section */
		120B3EDB1AD14AF800FE44CB /* PBXContainerItemProxy */ = {
			isa = PBXContainerItemProxy;
			containerPortal = 120B3EBC1AD14AF800FE44CB /* Project object */;
			proxyType = 1;
			remoteGlobalIDString = 120B3EC31AD14AF800FE44CB;
			remoteInfo = Tox;
		};
/* End PBXContainerItemProxy section */

/* Begin PBXFileReference section */
		120B3EC41AD14AF800FE44CB /* Tox.app */ = {isa = PBXFileReference; explicitFileType = wrapper.application; includeInIndex = 0; path = Tox.app; sourceTree = BUILT_PRODUCTS_DIR; };
		120B3EC81AD14AF800FE44CB /* Info.plist */ = {isa = PBXFileReference; lastKnownFileType = text.plist.xml; path = Info.plist; sourceTree = "<group>"; };
		120B3EC91AD14AF800FE44CB /* AppDelegate.h */ = {isa = PBXFileReference; lastKnownFileType = sourcecode.c.h; path = AppDelegate.h; sourceTree = "<group>"; };
		120B3ECA1AD14AF800FE44CB /* AppDelegate.m */ = {isa = PBXFileReference; lastKnownFileType = sourcecode.c.objc; path = AppDelegate.m; sourceTree = "<group>"; };
		120B3ECC1AD14AF800FE44CB /* main.m */ = {isa = PBXFileReference; lastKnownFileType = sourcecode.c.objc; path = main.m; sourceTree = "<group>"; };
		120B3ECE1AD14AF800FE44CB /* ViewController.h */ = {isa = PBXFileReference; lastKnownFileType = sourcecode.c.h; path = ViewController.h; sourceTree = "<group>"; };
		120B3ECF1AD14AF800FE44CB /* ViewController.m */ = {isa = PBXFileReference; lastKnownFileType = sourcecode.c.objc; path = ViewController.m; sourceTree = "<group>"; };
		120B3ED11AD14AF800FE44CB /* Images.xcassets */ = {isa = PBXFileReference; lastKnownFileType = folder.assetcatalog; path = Images.xcassets; sourceTree = "<group>"; };
		120B3ED41AD14AF800FE44CB /* Base */ = {isa = PBXFileReference; lastKnownFileType = file.storyboard; name = Base; path = Base.lproj/Main.storyboard; sourceTree = "<group>"; };
		120B3EDA1AD14AF800FE44CB /* ToxTests.xctest */ = {isa = PBXFileReference; explicitFileType = wrapper.cfbundle; includeInIndex = 0; path = ToxTests.xctest; sourceTree = BUILT_PRODUCTS_DIR; };
		120B3EDF1AD14AF800FE44CB /* Info.plist */ = {isa = PBXFileReference; lastKnownFileType = text.plist.xml; path = Info.plist; sourceTree = "<group>"; };
		120B3EE01AD14AF800FE44CB /* ToxTests.m */ = {isa = PBXFileReference; lastKnownFileType = sourcecode.c.objc; path = ToxTests.m; sourceTree = "<group>"; };
		12E737931AD179C500BA9E75 /* MainSplitViewController.h */ = {isa = PBXFileReference; fileEncoding = 4; lastKnownFileType = sourcecode.c.h; name = MainSplitViewController.h; path = ../MainSplitViewController.h; sourceTree = "<group>"; };
		12E737941AD179C500BA9E75 /* MainSplitViewController.m */ = {isa = PBXFileReference; fileEncoding = 4; lastKnownFileType = sourcecode.c.objc; name = MainSplitViewController.m; path = ../MainSplitViewController.m; sourceTree = "<group>"; };
/* End PBXFileReference section */

/* Begin PBXFrameworksBuildPhase section */
		120B3EC11AD14AF800FE44CB /* Frameworks */ = {
			isa = PBXFrameworksBuildPhase;
			buildActionMask = 2147483647;
			files = (
			);
			runOnlyForDeploymentPostprocessing = 0;
		};
		120B3ED71AD14AF800FE44CB /* Frameworks */ = {
			isa = PBXFrameworksBuildPhase;
			buildActionMask = 2147483647;
			files = (
			);
			runOnlyForDeploymentPostprocessing = 0;
		};
/* End PBXFrameworksBuildPhase section */

/* Begin PBXGroup section */
		120B3EBB1AD14AF800FE44CB = {
			isa = PBXGroup;
			children = (
				120B3EC61AD14AF800FE44CB /* Tox */,
				120B3EDD1AD14AF800FE44CB /* ToxTests */,
				120B3EC51AD14AF800FE44CB /* Products */,
			);
			sourceTree = "<group>";
		};
		120B3EC51AD14AF800FE44CB /* Products */ = {
			isa = PBXGroup;
			children = (
				120B3EC41AD14AF800FE44CB /* Tox.app */,
				120B3EDA1AD14AF800FE44CB /* ToxTests.xctest */,
			);
			name = Products;
			sourceTree = "<group>";
		};
		120B3EC61AD14AF800FE44CB /* Tox */ = {
			isa = PBXGroup;
			children = (
				120B3EC91AD14AF800FE44CB /* AppDelegate.h */,
				120B3ECA1AD14AF800FE44CB /* AppDelegate.m */,
				120B3ECE1AD14AF800FE44CB /* ViewController.h */,
				120B3ECF1AD14AF800FE44CB /* ViewController.m */,
				120B3ED11AD14AF800FE44CB /* Images.xcassets */,
				120B3ED31AD14AF800FE44CB /* Main.storyboard */,
				12E737931AD179C500BA9E75 /* MainSplitViewController.h */,
				12E737941AD179C500BA9E75 /* MainSplitViewController.m */,
				120B3EC71AD14AF800FE44CB /* Supporting Files */,
			);
			path = Tox;
			sourceTree = "<group>";
		};
		120B3EC71AD14AF800FE44CB /* Supporting Files */ = {
			isa = PBXGroup;
			children = (
				120B3EC81AD14AF800FE44CB /* Info.plist */,
				120B3ECC1AD14AF800FE44CB /* main.m */,
			);
			name = "Supporting Files";
			sourceTree = "<group>";
		};
		120B3EDD1AD14AF800FE44CB /* ToxTests */ = {
			isa = PBXGroup;
			children = (
				120B3EE01AD14AF800FE44CB /* ToxTests.m */,
				120B3EDE1AD14AF800FE44CB /* Supporting Files */,
			);
			path = ToxTests;
			sourceTree = "<group>";
		};
		120B3EDE1AD14AF800FE44CB /* Supporting Files */ = {
			isa = PBXGroup;
			children = (
				120B3EDF1AD14AF800FE44CB /* Info.plist */,
			);
			name = "Supporting Files";
			sourceTree = "<group>";
		};
/* End PBXGroup section */

/* Begin PBXNativeTarget section */
		120B3EC31AD14AF800FE44CB /* Tox */ = {
			isa = PBXNativeTarget;
			buildConfigurationList = 120B3EE41AD14AF800FE44CB /* Build configuration list for PBXNativeTarget "Tox" */;
			buildPhases = (
				120B3EC01AD14AF800FE44CB /* Sources */,
				120B3EC11AD14AF800FE44CB /* Frameworks */,
				120B3EC21AD14AF800FE44CB /* Resources */,
			);
			buildRules = (
			);
			dependencies = (
			);
			name = Tox;
			productName = Tox;
			productReference = 120B3EC41AD14AF800FE44CB /* Tox.app */;
			productType = "com.apple.product-type.application";
		};
		120B3ED91AD14AF800FE44CB /* ToxTests */ = {
			isa = PBXNativeTarget;
			buildConfigurationList = 120B3EE71AD14AF800FE44CB /* Build configuration list for PBXNativeTarget "ToxTests" */;
			buildPhases = (
				120B3ED61AD14AF800FE44CB /* Sources */,
				120B3ED71AD14AF800FE44CB /* Frameworks */,
				120B3ED81AD14AF800FE44CB /* Resources */,
			);
			buildRules = (
			);
			dependencies = (
				120B3EDC1AD14AF800FE44CB /* PBXTargetDependency */,
			);
			name = ToxTests;
			productName = ToxTests;
			productReference = 120B3EDA1AD14AF800FE44CB /* ToxTests.xctest */;
			productType = "com.apple.product-type.bundle.unit-test";
		};
/* End PBXNativeTarget section */

/* Begin PBXProject section */
		120B3EBC1AD14AF800FE44CB /* Project object */ = {
			isa = PBXProject;
			attributes = {
				LastUpgradeCheck = 0620;
				ORGANIZATIONNAME = "Tox Foundation";
				TargetAttributes = {
					120B3EC31AD14AF800FE44CB = {
						CreatedOnToolsVersion = 6.2;
					};
					120B3ED91AD14AF800FE44CB = {
						CreatedOnToolsVersion = 6.2;
						TestTargetID = 120B3EC31AD14AF800FE44CB;
					};
				};
			};
			buildConfigurationList = 120B3EBF1AD14AF800FE44CB /* Build configuration list for PBXProject "Tox" */;
			compatibilityVersion = "Xcode 3.2";
			developmentRegion = English;
			hasScannedForEncodings = 0;
			knownRegions = (
				en,
				Base,
			);
			mainGroup = 120B3EBB1AD14AF800FE44CB;
			productRefGroup = 120B3EC51AD14AF800FE44CB /* Products */;
			projectDirPath = "";
			projectRoot = "";
			targets = (
				120B3EC31AD14AF800FE44CB /* Tox */,
				120B3ED91AD14AF800FE44CB /* ToxTests */,
			);
		};
/* End PBXProject section */

/* Begin PBXResourcesBuildPhase section */
		120B3EC21AD14AF800FE44CB /* Resources */ = {
			isa = PBXResourcesBuildPhase;
			buildActionMask = 2147483647;
			files = (
				120B3ED21AD14AF800FE44CB /* Images.xcassets in Resources */,
				120B3ED51AD14AF800FE44CB /* Main.storyboard in Resources */,
			);
			runOnlyForDeploymentPostprocessing = 0;
		};
		120B3ED81AD14AF800FE44CB /* Resources */ = {
			isa = PBXResourcesBuildPhase;
			buildActionMask = 2147483647;
			files = (
			);
			runOnlyForDeploymentPostprocessing = 0;
		};
/* End PBXResourcesBuildPhase section */

/* Begin PBXSourcesBuildPhase section */
		120B3EC01AD14AF800FE44CB /* Sources */ = {
			isa = PBXSourcesBuildPhase;
			buildActionMask = 2147483647;
			files = (
				12E737951AD179C500BA9E75 /* MainSplitViewController.m in Sources */,
				120B3ED01AD14AF800FE44CB /* ViewController.m in Sources */,
				120B3ECD1AD14AF800FE44CB /* main.m in Sources */,
				120B3ECB1AD14AF800FE44CB /* AppDelegate.m in Sources */,
			);
			runOnlyForDeploymentPostprocessing = 0;
		};
		120B3ED61AD14AF800FE44CB /* Sources */ = {
			isa = PBXSourcesBuildPhase;
			buildActionMask = 2147483647;
			files = (
				120B3EE11AD14AF800FE44CB /* ToxTests.m in Sources */,
			);
			runOnlyForDeploymentPostprocessing = 0;
		};
/* End PBXSourcesBuildPhase section */

/* Begin PBXTargetDependency section */
		120B3EDC1AD14AF800FE44CB /* PBXTargetDependency */ = {
			isa = PBXTargetDependency;
			target = 120B3EC31AD14AF800FE44CB /* Tox */;
			targetProxy = 120B3EDB1AD14AF800FE44CB /* PBXContainerItemProxy */;
		};
/* End PBXTargetDependency section */

/* Begin PBXVariantGroup section */
		120B3ED31AD14AF800FE44CB /* Main.storyboard */ = {
			isa = PBXVariantGroup;
			children = (
				120B3ED41AD14AF800FE44CB /* Base */,
			);
			name = Main.storyboard;
			sourceTree = "<group>";
		};
/* End PBXVariantGroup section */

/* Begin XCBuildConfiguration section */
		120B3EE21AD14AF800FE44CB /* Debug */ = {
			isa = XCBuildConfiguration;
			buildSettings = {
				ALWAYS_SEARCH_USER_PATHS = NO;
				CLANG_CXX_LANGUAGE_STANDARD = "gnu++0x";
				CLANG_CXX_LIBRARY = "libc++";
				CLANG_ENABLE_MODULES = YES;
				CLANG_ENABLE_OBJC_ARC = YES;
				CLANG_WARN_BOOL_CONVERSION = YES;
				CLANG_WARN_CONSTANT_CONVERSION = YES;
				CLANG_WARN_DIRECT_OBJC_ISA_USAGE = YES_ERROR;
				CLANG_WARN_EMPTY_BODY = YES;
				CLANG_WARN_ENUM_CONVERSION = YES;
				CLANG_WARN_INT_CONVERSION = YES;
				CLANG_WARN_OBJC_ROOT_CLASS = YES_ERROR;
				CLANG_WARN_UNREACHABLE_CODE = YES;
				CLANG_WARN__DUPLICATE_METHOD_MATCH = YES;
				CODE_SIGN_IDENTITY = "-";
				COPY_PHASE_STRIP = NO;
				ENABLE_STRICT_OBJC_MSGSEND = YES;
				GCC_C_LANGUAGE_STANDARD = gnu99;
				GCC_DYNAMIC_NO_PIC = NO;
				GCC_OPTIMIZATION_LEVEL = 0;
				GCC_PREPROCESSOR_DEFINITIONS = (
					"DEBUG=1",
					"$(inherited)",
				);
				GCC_SYMBOLS_PRIVATE_EXTERN = NO;
				GCC_WARN_64_TO_32_BIT_CONVERSION = YES;
				GCC_WARN_ABOUT_RETURN_TYPE = YES_ERROR;
				GCC_WARN_UNDECLARED_SELECTOR = YES;
				GCC_WARN_UNINITIALIZED_AUTOS = YES_AGGRESSIVE;
				GCC_WARN_UNUSED_FUNCTION = YES;
				GCC_WARN_UNUSED_VARIABLE = YES;
				MACOSX_DEPLOYMENT_TARGET = 10.10;
				MTL_ENABLE_DEBUG_INFO = YES;
				ONLY_ACTIVE_ARCH = YES;
				SDKROOT = macosx;
			};
			name = Debug;
		};
		120B3EE31AD14AF800FE44CB /* Release */ = {
			isa = XCBuildConfiguration;
			buildSettings = {
				ALWAYS_SEARCH_USER_PATHS = NO;
				CLANG_CXX_LANGUAGE_STANDARD = "gnu++0x";
				CLANG_CXX_LIBRARY = "libc++";
				CLANG_ENABLE_MODULES = YES;
				CLANG_ENABLE_OBJC_ARC = YES;
				CLANG_WARN_BOOL_CONVERSION = YES;
				CLANG_WARN_CONSTANT_CONVERSION = YES;
				CLANG_WARN_DIRECT_OBJC_ISA_USAGE = YES_ERROR;
				CLANG_WARN_EMPTY_BODY = YES;
				CLANG_WARN_ENUM_CONVERSION = YES;
				CLANG_WARN_INT_CONVERSION = YES;
				CLANG_WARN_OBJC_ROOT_CLASS = YES_ERROR;
				CLANG_WARN_UNREACHABLE_CODE = YES;
				CLANG_WARN__DUPLICATE_METHOD_MATCH = YES;
				CODE_SIGN_IDENTITY = "-";
				COPY_PHASE_STRIP = NO;
				DEBUG_INFORMATION_FORMAT = "dwarf-with-dsym";
				ENABLE_NS_ASSERTIONS = NO;
				ENABLE_STRICT_OBJC_MSGSEND = YES;
				GCC_C_LANGUAGE_STANDARD = gnu99;
				GCC_WARN_64_TO_32_BIT_CONVERSION = YES;
				GCC_WARN_ABOUT_RETURN_TYPE = YES_ERROR;
				GCC_WARN_UNDECLARED_SELECTOR = YES;
				GCC_WARN_UNINITIALIZED_AUTOS = YES_AGGRESSIVE;
				GCC_WARN_UNUSED_FUNCTION = YES;
				GCC_WARN_UNUSED_VARIABLE = YES;
				MACOSX_DEPLOYMENT_TARGET = 10.10;
				MTL_ENABLE_DEBUG_INFO = NO;
				SDKROOT = macosx;
			};
			name = Release;
		};
		120B3EE51AD14AF800FE44CB /* Debug */ = {
			isa = XCBuildConfiguration;
			buildSettings = {
				ASSETCATALOG_COMPILER_APPICON_NAME = AppIcon;
				COMBINE_HIDPI_IMAGES = YES;
				INFOPLIST_FILE = Tox/Info.plist;
				LD_RUNPATH_SEARCH_PATHS = "$(inherited) @executable_path/../Frameworks";
				PRODUCT_NAME = "$(TARGET_NAME)";
			};
			name = Debug;
		};
		120B3EE61AD14AF800FE44CB /* Release */ = {
			isa = XCBuildConfiguration;
			buildSettings = {
				ASSETCATALOG_COMPILER_APPICON_NAME = AppIcon;
				COMBINE_HIDPI_IMAGES = YES;
				INFOPLIST_FILE = Tox/Info.plist;
				LD_RUNPATH_SEARCH_PATHS = "$(inherited) @executable_path/../Frameworks";
				PRODUCT_NAME = "$(TARGET_NAME)";
			};
			name = Release;
		};
		120B3EE81AD14AF800FE44CB /* Debug */ = {
			isa = XCBuildConfiguration;
			buildSettings = {
				BUNDLE_LOADER = "$(TEST_HOST)";
				COMBINE_HIDPI_IMAGES = YES;
				FRAMEWORK_SEARCH_PATHS = (
					"$(DEVELOPER_FRAMEWORKS_DIR)",
					"$(inherited)",
				);
				GCC_PREPROCESSOR_DEFINITIONS = (
					"DEBUG=1",
					"$(inherited)",
				);
				INFOPLIST_FILE = ToxTests/Info.plist;
				LD_RUNPATH_SEARCH_PATHS = "$(inherited) @executable_path/../Frameworks @loader_path/../Frameworks";
				PRODUCT_NAME = "$(TARGET_NAME)";
				TEST_HOST = "$(BUILT_PRODUCTS_DIR)/Tox.app/Contents/MacOS/Tox";
			};
			name = Debug;
		};
		120B3EE91AD14AF800FE44CB /* Release */ = {
			isa = XCBuildConfiguration;
			buildSettings = {
				BUNDLE_LOADER = "$(TEST_HOST)";
				COMBINE_HIDPI_IMAGES = YES;
				FRAMEWORK_SEARCH_PATHS = (
					"$(DEVELOPER_FRAMEWORKS_DIR)",
					"$(inherited)",
				);
				INFOPLIST_FILE = ToxTests/Info.plist;
				LD_RUNPATH_SEARCH_PATHS = "$(inherited) @executable_path/../Frameworks @loader_path/../Frameworks";
				PRODUCT_NAME = "$(TARGET_NAME)";
				TEST_HOST = "$(BUILT_PRODUCTS_DIR)/Tox.app/Contents/MacOS/Tox";
			};
			name = Release;
		};
/* End XCBuildConfiguration section */

/* Begin XCConfigurationList section */
		120B3EBF1AD14AF800FE44CB /* Build configuration list for PBXProject "Tox" */ = {
			isa = XCConfigurationList;
			buildConfigurations = (
				120B3EE21AD14AF800FE44CB /* Debug */,
				120B3EE31AD14AF800FE44CB /* Release */,
			);
			defaultConfigurationIsVisible = 0;
			defaultConfigurationName = Release;
		};
		120B3EE41AD14AF800FE44CB /* Build configuration list for PBXNativeTarget "Tox" */ = {
			isa = XCConfigurationList;
			buildConfigurations = (
				120B3EE51AD14AF800FE44CB /* Debug */,
				120B3EE61AD14AF800FE44CB /* Release */,
			);
			defaultConfigurationIsVisible = 0;
			defaultConfigurationName = Release;
		};
		120B3EE71AD14AF800FE44CB /* Build configuration list for PBXNativeTarget "ToxTests" */ = {
			isa = XCConfigurationList;
			buildConfigurations = (
				120B3EE81AD14AF800FE44CB /* Debug */,
				120B3EE91AD14AF800FE44CB /* Release */,
			);
			defaultConfigurationIsVisible = 0;
			defaultConfigurationName = Release;
		};
/* End XCConfigurationList section */
	};
	rootObject = 120B3EBC1AD14AF800FE44CB /* Project object */;
}
